
Microsoft Visual Studio Solution File, Format Version 12.00
# Visual Studio 15
VisualStudioVersion = 15.0.28307.705
MinimumVisualStudioVersion = 10.0.40219.1
Project("{FAE04EC0-301F-11D3-BF4B-00C04F79EFBC}") = "DemoOnion", "DemoOnion\DemoOnion.csproj", "{9B517FA5-C7E7-4258-9395-1557B07FAFC9}"
EndProject
Project("{FAE04EC0-301F-11D3-BF4B-00C04F79EFBC}") = "Core", "Core\Core.csproj", "{92DC6F41-CD3F-4094-B33F-67B4D118D53C}"
EndProject
Project("{FAE04EC0-301F-11D3-BF4B-00C04F79EFBC}") = "Infrastructure", "Infrastructure\Infrastructure.csproj", "{32C35C35-7295-4873-B548-E3D28804024B}"
EndProject
Global
	GlobalSection(SolutionConfigurationPlatforms) = preSolution
		Debug|Any CPU = Debug|Any CPU
		Release|Any CPU = Release|Any CPU
	EndGlobalSection
	GlobalSection(ProjectConfigurationPlatforms) = postSolution
		{9B517FA5-C7E7-4258-9395-1557B07FAFC9}.Debug|Any CPU.ActiveCfg = Debug|Any CPU
		{9B517FA5-C7E7-4258-9395-1557B07FAFC9}.Debug|Any CPU.Build.0 = Debug|Any CPU
		{9B517FA5-C7E7-4258-9395-1557B07FAFC9}.Release|Any CPU.ActiveCfg = Release|Any CPU
		{9B517FA5-C7E7-4258-9395-1557B07FAFC9}.Release|Any CPU.Build.0 = Release|Any CPU
		{92DC6F41-CD3F-4094-B33F-67B4D118D53C}.Debug|Any CPU.ActiveCfg = Debug|Any CPU
		{92DC6F41-CD3F-4094-B33F-67B4D118D53C}.Debug|Any CPU.Build.0 = Debug|Any CPU
		{92DC6F41-CD3F-4094-B33F-67B4D118D53C}.Release|Any CPU.ActiveCfg = Release|Any CPU
		{92DC6F41-CD3F-4094-B33F-67B4D118D53C}.Release|Any CPU.Build.0 = Release|Any CPU
		{32C35C35-7295-4873-B548-E3D28804024B}.Debug|Any CPU.ActiveCfg = Debug|Any CPU
		{32C35C35-7295-4873-B548-E3D28804024B}.Debug|Any CPU.Build.0 = Debug|Any CPU
		{32C35C35-7295-4873-B548-E3D28804024B}.Release|Any CPU.ActiveCfg = Release|Any CPU
		{32C35C35-7295-4873-B548-E3D28804024B}.Release|Any CPU.Build.0 = Release|Any CPU
	EndGlobalSection
	GlobalSection(SolutionProperties) = preSolution
		HideSolutionNode = FALSE
	EndGlobalSection
	GlobalSection(ExtensibilityGlobals) = postSolution
		SolutionGuid = {C8355196-6948-4D03-877E-FEBF17BA2E50}
	EndGlobalSection
EndGlobal
